
Microsoft Visual Studio Solution File, Format Version 12.00
# Visual Studio 15
VisualStudioVersion = 15.0.26124.0
MinimumVisualStudioVersion = 15.0.26124.0
Project("{FAE04EC0-301F-11D3-BF4B-00C04F79EFBC}") = "Domain", "Domain\Domain.csproj", "{DDEA8155-E1C3-40FB-BC79-5BF8C1AC6C30}"
EndProject
Project("{FAE04EC0-301F-11D3-BF4B-00C04F79EFBC}") = "Persistence", "Persistence\Persistence.csproj", "{FF527EC5-49CF-40FC-B80D-2129ABDA88E6}"
EndProject
Project("{FAE04EC0-301F-11D3-BF4B-00C04F79EFBC}") = "Application", "Application\Application.csproj", "{304239DA-25F3-40E3-AA05-3296E6D2965B}"
EndProject
Project("{FAE04EC0-301F-11D3-BF4B-00C04F79EFBC}") = "API", "API\API.csproj", "{B2FB1943-FF30-4246-86D7-A98E297752CE}"
EndProject
Global
	GlobalSection(SolutionConfigurationPlatforms) = preSolution
		Debug|Any CPU = Debug|Any CPU
		Debug|x64 = Debug|x64
		Debug|x86 = Debug|x86
		Release|Any CPU = Release|Any CPU
		Release|x64 = Release|x64
		Release|x86 = Release|x86
	EndGlobalSection
	GlobalSection(SolutionProperties) = preSolution
		HideSolutionNode = FALSE
	EndGlobalSection
	GlobalSection(ProjectConfigurationPlatforms) = postSolution
		{DDEA8155-E1C3-40FB-BC79-5BF8C1AC6C30}.Debug|Any CPU.ActiveCfg = Debug|Any CPU
		{DDEA8155-E1C3-40FB-BC79-5BF8C1AC6C30}.Debug|Any CPU.Build.0 = Debug|Any CPU
		{DDEA8155-E1C3-40FB-BC79-5BF8C1AC6C30}.Debug|x64.ActiveCfg = Debug|Any CPU
		{DDEA8155-E1C3-40FB-BC79-5BF8C1AC6C30}.Debug|x64.Build.0 = Debug|Any CPU
		{DDEA8155-E1C3-40FB-BC79-5BF8C1AC6C30}.Debug|x86.ActiveCfg = Debug|Any CPU
		{DDEA8155-E1C3-40FB-BC79-5BF8C1AC6C30}.Debug|x86.Build.0 = Debug|Any CPU
		{DDEA8155-E1C3-40FB-BC79-5BF8C1AC6C30}.Release|Any CPU.ActiveCfg = Release|Any CPU
		{DDEA8155-E1C3-40FB-BC79-5BF8C1AC6C30}.Release|Any CPU.Build.0 = Release|Any CPU
		{DDEA8155-E1C3-40FB-BC79-5BF8C1AC6C30}.Release|x64.ActiveCfg = Release|Any CPU
		{DDEA8155-E1C3-40FB-BC79-5BF8C1AC6C30}.Release|x64.Build.0 = Release|Any CPU
		{DDEA8155-E1C3-40FB-BC79-5BF8C1AC6C30}.Release|x86.ActiveCfg = Release|Any CPU
		{DDEA8155-E1C3-40FB-BC79-5BF8C1AC6C30}.Release|x86.Build.0 = Release|Any CPU
		{FF527EC5-49CF-40FC-B80D-2129ABDA88E6}.Debug|Any CPU.ActiveCfg = Debug|Any CPU
		{FF527EC5-49CF-40FC-B80D-2129ABDA88E6}.Debug|Any CPU.Build.0 = Debug|Any CPU
		{FF527EC5-49CF-40FC-B80D-2129ABDA88E6}.Debug|x64.ActiveCfg = Debug|Any CPU
		{FF527EC5-49CF-40FC-B80D-2129ABDA88E6}.Debug|x64.Build.0 = Debug|Any CPU
		{FF527EC5-49CF-40FC-B80D-2129ABDA88E6}.Debug|x86.ActiveCfg = Debug|Any CPU
		{FF527EC5-49CF-40FC-B80D-2129ABDA88E6}.Debug|x86.Build.0 = Debug|Any CPU
		{FF527EC5-49CF-40FC-B80D-2129ABDA88E6}.Release|Any CPU.ActiveCfg = Release|Any CPU
		{FF527EC5-49CF-40FC-B80D-2129ABDA88E6}.Release|Any CPU.Build.0 = Release|Any CPU
		{FF527EC5-49CF-40FC-B80D-2129ABDA88E6}.Release|x64.ActiveCfg = Release|Any CPU
		{FF527EC5-49CF-40FC-B80D-2129ABDA88E6}.Release|x64.Build.0 = Release|Any CPU
		{FF527EC5-49CF-40FC-B80D-2129ABDA88E6}.Release|x86.ActiveCfg = Release|Any CPU
		{FF527EC5-49CF-40FC-B80D-2129ABDA88E6}.Release|x86.Build.0 = Release|Any CPU
		{304239DA-25F3-40E3-AA05-3296E6D2965B}.Debug|Any CPU.ActiveCfg = Debug|Any CPU
		{304239DA-25F3-40E3-AA05-3296E6D2965B}.Debug|Any CPU.Build.0 = Debug|Any CPU
		{304239DA-25F3-40E3-AA05-3296E6D2965B}.Debug|x64.ActiveCfg = Debug|Any CPU
		{304239DA-25F3-40E3-AA05-3296E6D2965B}.Debug|x64.Build.0 = Debug|Any CPU
		{304239DA-25F3-40E3-AA05-3296E6D2965B}.Debug|x86.ActiveCfg = Debug|Any CPU
		{304239DA-25F3-40E3-AA05-3296E6D2965B}.Debug|x86.Build.0 = Debug|Any CPU
		{304239DA-25F3-40E3-AA05-3296E6D2965B}.Release|Any CPU.ActiveCfg = Release|Any CPU
		{304239DA-25F3-40E3-AA05-3296E6D2965B}.Release|Any CPU.Build.0 = Release|Any CPU
		{304239DA-25F3-40E3-AA05-3296E6D2965B}.Release|x64.ActiveCfg = Release|Any CPU
		{304239DA-25F3-40E3-AA05-3296E6D2965B}.Release|x64.Build.0 = Release|Any CPU
		{304239DA-25F3-40E3-AA05-3296E6D2965B}.Release|x86.ActiveCfg = Release|Any CPU
		{304239DA-25F3-40E3-AA05-3296E6D2965B}.Release|x86.Build.0 = Release|Any CPU
		{B2FB1943-FF30-4246-86D7-A98E297752CE}.Debug|Any CPU.ActiveCfg = Debug|Any CPU
		{B2FB1943-FF30-4246-86D7-A98E297752CE}.Debug|Any CPU.Build.0 = Debug|Any CPU
		{B2FB1943-FF30-4246-86D7-A98E297752CE}.Debug|x64.ActiveCfg = Debug|Any CPU
		{B2FB1943-FF30-4246-86D7-A98E297752CE}.Debug|x64.Build.0 = Debug|Any CPU
		{B2FB1943-FF30-4246-86D7-A98E297752CE}.Debug|x86.ActiveCfg = Debug|Any CPU
		{B2FB1943-FF30-4246-86D7-A98E297752CE}.Debug|x86.Build.0 = Debug|Any CPU
		{B2FB1943-FF30-4246-86D7-A98E297752CE}.Release|Any CPU.ActiveCfg = Release|Any CPU
		{B2FB1943-FF30-4246-86D7-A98E297752CE}.Release|Any CPU.Build.0 = Release|Any CPU
		{B2FB1943-FF30-4246-86D7-A98E297752CE}.Release|x64.ActiveCfg = Release|Any CPU
		{B2FB1943-FF30-4246-86D7-A98E297752CE}.Release|x64.Build.0 = Release|Any CPU
		{B2FB1943-FF30-4246-86D7-A98E297752CE}.Release|x86.ActiveCfg = Release|Any CPU
		{B2FB1943-FF30-4246-86D7-A98E297752CE}.Release|x86.Build.0 = Release|Any CPU
	EndGlobalSection
EndGlobal
